
Microsoft Visual Studio Solution File, Format Version 12.00
# Visual Studio Version 16
VisualStudioVersion = 16.0.30907.101
MinimumVisualStudioVersion = 10.0.40219.1
Project("{FAE04EC0-301F-11D3-BF4B-00C04F79EFBC}") = "BankAccount", "BankAccount\BankAccount.csproj", "{AAFDD1EE-C866-4B17-B5C7-12A687090BFC}"
EndProject
Global
	GlobalSection(SolutionConfigurationPlatforms) = preSolution
		Debug|Any CPU = Debug|Any CPU
		Release|Any CPU = Release|Any CPU
	EndGlobalSection
	GlobalSection(ProjectConfigurationPlatforms) = postSolution
		{AAFDD1EE-C866-4B17-B5C7-12A687090BFC}.Debug|Any CPU.ActiveCfg = Debug|Any CPU
		{AAFDD1EE-C866-4B17-B5C7-12A687090BFC}.Debug|Any CPU.Build.0 = Debug|Any CPU
		{AAFDD1EE-C866-4B17-B5C7-12A687090BFC}.Release|Any CPU.ActiveCfg = Release|Any CPU
		{AAFDD1EE-C866-4B17-B5C7-12A687090BFC}.Release|Any CPU.Build.0 = Release|Any CPU
	EndGlobalSection
	GlobalSection(SolutionProperties) = preSolution
		HideSolutionNode = FALSE
	EndGlobalSection
	GlobalSection(ExtensibilityGlobals) = postSolution
		SolutionGuid = {E2D0BBFE-C9A3-422A-A97E-51930E20F2AE}
	EndGlobalSection
EndGlobal
